
Microsoft Visual Studio Solution File, Format Version 12.00
# Visual Studio Version 16
VisualStudioVersion = 16.0.35325.158
MinimumVisualStudioVersion = 10.0.40219.1
Project("{9A19103F-16F7-4668-BE54-9A1E7A4F7556}") = "WpfCalculator1", "WpfCalculator1\WpfCalculator1.csproj", "{54F8C168-4B4A-48EA-A9A3-4F2663D381CA}"
EndProject
Project("{8BC9CEB8-8B4A-11D0-8D11-00A0C91BC942}") = "Wrapper", "Wrapper\Wrapper\Wrapper.vcxproj", "{FDCFE67C-6CCA-4B76-998D-F252D9A261F4}"
EndProject
Global
	GlobalSection(SolutionConfigurationPlatforms) = preSolution
		Debug|Any CPU = Debug|Any CPU
		Debug|x64 = Debug|x64
		Debug|x86 = Debug|x86
		Release|Any CPU = Release|Any CPU
		Release|x64 = Release|x64
		Release|x86 = Release|x86
	EndGlobalSection
	GlobalSection(ProjectConfigurationPlatforms) = postSolution
		{54F8C168-4B4A-48EA-A9A3-4F2663D381CA}.Debug|Any CPU.ActiveCfg = Debug|Any CPU
		{54F8C168-4B4A-48EA-A9A3-4F2663D381CA}.Debug|Any CPU.Build.0 = Debug|Any CPU
		{54F8C168-4B4A-48EA-A9A3-4F2663D381CA}.Debug|x64.ActiveCfg = Debug|Any CPU
		{54F8C168-4B4A-48EA-A9A3-4F2663D381CA}.Debug|x64.Build.0 = Debug|Any CPU
		{54F8C168-4B4A-48EA-A9A3-4F2663D381CA}.Debug|x86.ActiveCfg = Debug|Any CPU
		{54F8C168-4B4A-48EA-A9A3-4F2663D381CA}.Debug|x86.Build.0 = Debug|Any CPU
		{54F8C168-4B4A-48EA-A9A3-4F2663D381CA}.Release|Any CPU.ActiveCfg = Release|Any CPU
		{54F8C168-4B4A-48EA-A9A3-4F2663D381CA}.Release|Any CPU.Build.0 = Release|Any CPU
		{54F8C168-4B4A-48EA-A9A3-4F2663D381CA}.Release|x64.ActiveCfg = Release|Any CPU
		{54F8C168-4B4A-48EA-A9A3-4F2663D381CA}.Release|x64.Build.0 = Release|Any CPU
		{54F8C168-4B4A-48EA-A9A3-4F2663D381CA}.Release|x86.ActiveCfg = Release|Any CPU
		{54F8C168-4B4A-48EA-A9A3-4F2663D381CA}.Release|x86.Build.0 = Release|Any CPU
		{FDCFE67C-6CCA-4B76-998D-F252D9A261F4}.Debug|Any CPU.ActiveCfg = Debug|Win32
		{FDCFE67C-6CCA-4B76-998D-F252D9A261F4}.Debug|x64.ActiveCfg = Debug|x64
		{FDCFE67C-6CCA-4B76-998D-F252D9A261F4}.Debug|x64.Build.0 = Debug|x64
		{FDCFE67C-6CCA-4B76-998D-F252D9A261F4}.Debug|x86.ActiveCfg = Debug|Win32
		{FDCFE67C-6CCA-4B76-998D-F252D9A261F4}.Debug|x86.Build.0 = Debug|Win32
		{FDCFE67C-6CCA-4B76-998D-F252D9A261F4}.Release|Any CPU.ActiveCfg = Release|Win32
		{FDCFE67C-6CCA-4B76-998D-F252D9A261F4}.Release|x64.ActiveCfg = Release|x64
		{FDCFE67C-6CCA-4B76-998D-F252D9A261F4}.Release|x64.Build.0 = Release|x64
		{FDCFE67C-6CCA-4B76-998D-F252D9A261F4}.Release|x86.ActiveCfg = Release|Win32
		{FDCFE67C-6CCA-4B76-998D-F252D9A261F4}.Release|x86.Build.0 = Release|Win32
	EndGlobalSection
	GlobalSection(SolutionProperties) = preSolution
		HideSolutionNode = FALSE
	EndGlobalSection
	GlobalSection(ExtensibilityGlobals) = postSolution
		SolutionGuid = {D987F122-5033-469D-8932-BF2BE47379D7}
	EndGlobalSection
EndGlobal
